
Microsoft Visual Studio Solution File, Format Version 12.00
# Visual Studio 14
VisualStudioVersion = 14.0.23107.0
MinimumVisualStudioVersion = 10.0.40219.1
Project("{FAE04EC0-301F-11D3-BF4B-00C04F79EFBC}") = "WpfApplication1", "WpfApplication1\WpfApplication1.csproj", "{6BA01B53-6349-48F3-8F5C-CDCF3562144F}"
	ProjectSection(ProjectDependencies) = postProject
		{FA12B0AF-CDA8-47F7-9D5B-B56A20B32B31} = {FA12B0AF-CDA8-47F7-9D5B-B56A20B32B31}
	EndProjectSection
EndProject
Project("{8BC9CEB8-8B4A-11D0-8D11-00A0C91BC942}") = "ArkDll", "ArkDll\ArkDll.vcxproj", "{0F210311-8EF5-4017-B458-D9D07F24E10E}"
EndProject
Project("{FAE04EC0-301F-11D3-BF4B-00C04F79EFBC}") = "ArkWrap", "ArkWrap\ArkWrap.csproj", "{FA12B0AF-CDA8-47F7-9D5B-B56A20B32B31}"
EndProject
Project("{FAE04EC0-301F-11D3-BF4B-00C04F79EFBC}") = "FJCoreWin", "FJCore\FJCoreWin.csproj", "{92CBFC34-C2C8-4DA5-B1A1-0701AE69F252}"
EndProject
Global
	GlobalSection(SolutionConfigurationPlatforms) = preSolution
		Debug|Any CPU = Debug|Any CPU
		Debug|Mixed Platforms = Debug|Mixed Platforms
		Debug|Win32 = Debug|Win32
		Debug|x64 = Debug|x64
		Debug|x86 = Debug|x86
		Release (dMSIL)|Any CPU = Release (dMSIL)|Any CPU
		Release (dMSIL)|Mixed Platforms = Release (dMSIL)|Mixed Platforms
		Release (dMSIL)|Win32 = Release (dMSIL)|Win32
		Release (dMSIL)|x64 = Release (dMSIL)|x64
		Release (dMSIL)|x86 = Release (dMSIL)|x86
		Release|Any CPU = Release|Any CPU
		Release|Mixed Platforms = Release|Mixed Platforms
		Release|Win32 = Release|Win32
		Release|x64 = Release|x64
		Release|x86 = Release|x86
	EndGlobalSection
	GlobalSection(ProjectConfigurationPlatforms) = postSolution
		{6BA01B53-6349-48F3-8F5C-CDCF3562144F}.Debug|Any CPU.ActiveCfg = Debug|Any CPU
		{6BA01B53-6349-48F3-8F5C-CDCF3562144F}.Debug|Any CPU.Build.0 = Debug|Any CPU
		{6BA01B53-6349-48F3-8F5C-CDCF3562144F}.Debug|Mixed Platforms.ActiveCfg = Debug|x64
		{6BA01B53-6349-48F3-8F5C-CDCF3562144F}.Debug|Mixed Platforms.Build.0 = Debug|x64
		{6BA01B53-6349-48F3-8F5C-CDCF3562144F}.Debug|Win32.ActiveCfg = Debug|Any CPU
		{6BA01B53-6349-48F3-8F5C-CDCF3562144F}.Debug|x64.ActiveCfg = Debug|x64
		{6BA01B53-6349-48F3-8F5C-CDCF3562144F}.Debug|x64.Build.0 = Debug|x64
		{6BA01B53-6349-48F3-8F5C-CDCF3562144F}.Debug|x86.ActiveCfg = Debug|Any CPU
		{6BA01B53-6349-48F3-8F5C-CDCF3562144F}.Release (dMSIL)|Any CPU.ActiveCfg = Release|Any CPU
		{6BA01B53-6349-48F3-8F5C-CDCF3562144F}.Release (dMSIL)|Any CPU.Build.0 = Release|Any CPU
		{6BA01B53-6349-48F3-8F5C-CDCF3562144F}.Release (dMSIL)|Mixed Platforms.ActiveCfg = Release|Any CPU
		{6BA01B53-6349-48F3-8F5C-CDCF3562144F}.Release (dMSIL)|Mixed Platforms.Build.0 = Release|Any CPU
		{6BA01B53-6349-48F3-8F5C-CDCF3562144F}.Release (dMSIL)|Win32.ActiveCfg = Release|Any CPU
		{6BA01B53-6349-48F3-8F5C-CDCF3562144F}.Release (dMSIL)|x64.ActiveCfg = Release|x64
		{6BA01B53-6349-48F3-8F5C-CDCF3562144F}.Release (dMSIL)|x64.Build.0 = Release|x64
		{6BA01B53-6349-48F3-8F5C-CDCF3562144F}.Release (dMSIL)|x86.ActiveCfg = Release|Any CPU
		{6BA01B53-6349-48F3-8F5C-CDCF3562144F}.Release|Any CPU.ActiveCfg = Release|Any CPU
		{6BA01B53-6349-48F3-8F5C-CDCF3562144F}.Release|Any CPU.Build.0 = Release|Any CPU
		{6BA01B53-6349-48F3-8F5C-CDCF3562144F}.Release|Mixed Platforms.ActiveCfg = Release|Any CPU
		{6BA01B53-6349-48F3-8F5C-CDCF3562144F}.Release|Mixed Platforms.Build.0 = Release|Any CPU
		{6BA01B53-6349-48F3-8F5C-CDCF3562144F}.Release|Win32.ActiveCfg = Release|Any CPU
		{6BA01B53-6349-48F3-8F5C-CDCF3562144F}.Release|x64.ActiveCfg = Release|Any CPU
		{6BA01B53-6349-48F3-8F5C-CDCF3562144F}.Release|x86.ActiveCfg = Release|Any CPU
		{0F210311-8EF5-4017-B458-D9D07F24E10E}.Debug|Any CPU.ActiveCfg = Debug|Win32
		{0F210311-8EF5-4017-B458-D9D07F24E10E}.Debug|Mixed Platforms.ActiveCfg = Debug|Win32
		{0F210311-8EF5-4017-B458-D9D07F24E10E}.Debug|Mixed Platforms.Build.0 = Debug|Win32
		{0F210311-8EF5-4017-B458-D9D07F24E10E}.Debug|Win32.ActiveCfg = Debug|Win32
		{0F210311-8EF5-4017-B458-D9D07F24E10E}.Debug|Win32.Build.0 = Debug|Win32
		{0F210311-8EF5-4017-B458-D9D07F24E10E}.Debug|x64.ActiveCfg = Debug|x64
		{0F210311-8EF5-4017-B458-D9D07F24E10E}.Debug|x64.Build.0 = Debug|x64
		{0F210311-8EF5-4017-B458-D9D07F24E10E}.Debug|x86.ActiveCfg = Debug|Win32
		{0F210311-8EF5-4017-B458-D9D07F24E10E}.Debug|x86.Build.0 = Debug|Win32
		{0F210311-8EF5-4017-B458-D9D07F24E10E}.Release (dMSIL)|Any CPU.ActiveCfg = Release|x64
		{0F210311-8EF5-4017-B458-D9D07F24E10E}.Release (dMSIL)|Any CPU.Build.0 = Release|x64
		{0F210311-8EF5-4017-B458-D9D07F24E10E}.Release (dMSIL)|Mixed Platforms.ActiveCfg = Release|Win32
		{0F210311-8EF5-4017-B458-D9D07F24E10E}.Release (dMSIL)|Mixed Platforms.Build.0 = Release|Win32
		{0F210311-8EF5-4017-B458-D9D07F24E10E}.Release (dMSIL)|Win32.ActiveCfg = Release|Win32
		{0F210311-8EF5-4017-B458-D9D07F24E10E}.Release (dMSIL)|Win32.Build.0 = Release|Win32
		{0F210311-8EF5-4017-B458-D9D07F24E10E}.Release (dMSIL)|x64.ActiveCfg = Release|x64
		{0F210311-8EF5-4017-B458-D9D07F24E10E}.Release (dMSIL)|x64.Build.0 = Release|x64
		{0F210311-8EF5-4017-B458-D9D07F24E10E}.Release (dMSIL)|x86.ActiveCfg = Release|Win32
		{0F210311-8EF5-4017-B458-D9D07F24E10E}.Release (dMSIL)|x86.Build.0 = Release|Win32
		{0F210311-8EF5-4017-B458-D9D07F24E10E}.Release|Any CPU.ActiveCfg = Release|Win32
		{0F210311-8EF5-4017-B458-D9D07F24E10E}.Release|Mixed Platforms.ActiveCfg = Release|Win32
		{0F210311-8EF5-4017-B458-D9D07F24E10E}.Release|Mixed Platforms.Build.0 = Release|Win32
		{0F210311-8EF5-4017-B458-D9D07F24E10E}.Release|Win32.ActiveCfg = Release|Win32
		{0F210311-8EF5-4017-B458-D9D07F24E10E}.Release|Win32.Build.0 = Release|Win32
		{0F210311-8EF5-4017-B458-D9D07F24E10E}.Release|x64.ActiveCfg = Release|x64
		{0F210311-8EF5-4017-B458-D9D07F24E10E}.Release|x64.Build.0 = Release|x64
		{0F210311-8EF5-4017-B458-D9D07F24E10E}.Release|x86.ActiveCfg = Release|Win32
		{0F210311-8EF5-4017-B458-D9D07F24E10E}.Release|x86.Build.0 = Release|Win32
		{FA12B0AF-CDA8-47F7-9D5B-B56A20B32B31}.Debug|Any CPU.ActiveCfg = Debug|Any CPU
		{FA12B0AF-CDA8-47F7-9D5B-B56A20B32B31}.Debug|Any CPU.Build.0 = Debug|Any CPU
		{FA12B0AF-CDA8-47F7-9D5B-B56A20B32B31}.Debug|Mixed Platforms.ActiveCfg = Debug|Any CPU
		{FA12B0AF-CDA8-47F7-9D5B-B56A20B32B31}.Debug|Mixed Platforms.Build.0 = Debug|Any CPU
		{FA12B0AF-CDA8-47F7-9D5B-B56A20B32B31}.Debug|Win32.ActiveCfg = Debug|Any CPU
		{FA12B0AF-CDA8-47F7-9D5B-B56A20B32B31}.Debug|Win32.Build.0 = Debug|Any CPU
		{FA12B0AF-CDA8-47F7-9D5B-B56A20B32B31}.Debug|x64.ActiveCfg = Debug|x64
		{FA12B0AF-CDA8-47F7-9D5B-B56A20B32B31}.Debug|x64.Build.0 = Debug|x64
		{FA12B0AF-CDA8-47F7-9D5B-B56A20B32B31}.Debug|x86.ActiveCfg = Debug|Any CPU
		{FA12B0AF-CDA8-47F7-9D5B-B56A20B32B31}.Debug|x86.Build.0 = Debug|Any CPU
		{FA12B0AF-CDA8-47F7-9D5B-B56A20B32B31}.Release (dMSIL)|Any CPU.ActiveCfg = Release|Any CPU
		{FA12B0AF-CDA8-47F7-9D5B-B56A20B32B31}.Release (dMSIL)|Any CPU.Build.0 = Release|Any CPU
		{FA12B0AF-CDA8-47F7-9D5B-B56A20B32B31}.Release (dMSIL)|Mixed Platforms.ActiveCfg = Release|Any CPU
		{FA12B0AF-CDA8-47F7-9D5B-B56A20B32B31}.Release (dMSIL)|Mixed Platforms.Build.0 = Release|Any CPU
		{FA12B0AF-CDA8-47F7-9D5B-B56A20B32B31}.Release (dMSIL)|Win32.ActiveCfg = Release|Any CPU
		{FA12B0AF-CDA8-47F7-9D5B-B56A20B32B31}.Release (dMSIL)|Win32.Build.0 = Release|Any CPU
		{FA12B0AF-CDA8-47F7-9D5B-B56A20B32B31}.Release (dMSIL)|x64.ActiveCfg = Release|x64
		{FA12B0AF-CDA8-47F7-9D5B-B56A20B32B31}.Release (dMSIL)|x64.Build.0 = Release|x64
		{FA12B0AF-CDA8-47F7-9D5B-B56A20B32B31}.Release (dMSIL)|x86.ActiveCfg = Release|Any CPU
		{FA12B0AF-CDA8-47F7-9D5B-B56A20B32B31}.Release (dMSIL)|x86.Build.0 = Release|Any CPU
		{FA12B0AF-CDA8-47F7-9D5B-B56A20B32B31}.Release|Any CPU.ActiveCfg = Release|Any CPU
		{FA12B0AF-CDA8-47F7-9D5B-B56A20B32B31}.Release|Any CPU.Build.0 = Release|Any CPU
		{FA12B0AF-CDA8-47F7-9D5B-B56A20B32B31}.Release|Mixed Platforms.ActiveCfg = Release|Any CPU
		{FA12B0AF-CDA8-47F7-9D5B-B56A20B32B31}.Release|Mixed Platforms.Build.0 = Release|Any CPU
		{FA12B0AF-CDA8-47F7-9D5B-B56A20B32B31}.Release|Win32.ActiveCfg = Release|Any CPU
		{FA12B0AF-CDA8-47F7-9D5B-B56A20B32B31}.Release|Win32.Build.0 = Release|Any CPU
		{FA12B0AF-CDA8-47F7-9D5B-B56A20B32B31}.Release|x64.ActiveCfg = Release|x64
		{FA12B0AF-CDA8-47F7-9D5B-B56A20B32B31}.Release|x64.Build.0 = Release|x64
		{FA12B0AF-CDA8-47F7-9D5B-B56A20B32B31}.Release|x86.ActiveCfg = Release|Any CPU
		{FA12B0AF-CDA8-47F7-9D5B-B56A20B32B31}.Release|x86.Build.0 = Release|Any CPU
		{92CBFC34-C2C8-4DA5-B1A1-0701AE69F252}.Debug|Any CPU.ActiveCfg = Debug|Any CPU
		{92CBFC34-C2C8-4DA5-B1A1-0701AE69F252}.Debug|Any CPU.Build.0 = Debug|Any CPU
		{92CBFC34-C2C8-4DA5-B1A1-0701AE69F252}.Debug|Mixed Platforms.ActiveCfg = Debug|Any CPU
		{92CBFC34-C2C8-4DA5-B1A1-0701AE69F252}.Debug|Mixed Platforms.Build.0 = Debug|Any CPU
		{92CBFC34-C2C8-4DA5-B1A1-0701AE69F252}.Debug|Win32.ActiveCfg = Debug|Any CPU
		{92CBFC34-C2C8-4DA5-B1A1-0701AE69F252}.Debug|Win32.Build.0 = Debug|Any CPU
		{92CBFC34-C2C8-4DA5-B1A1-0701AE69F252}.Debug|x64.ActiveCfg = Debug|Any CPU
		{92CBFC34-C2C8-4DA5-B1A1-0701AE69F252}.Debug|x64.Build.0 = Debug|Any CPU
		{92CBFC34-C2C8-4DA5-B1A1-0701AE69F252}.Debug|x86.ActiveCfg = Debug|Any CPU
		{92CBFC34-C2C8-4DA5-B1A1-0701AE69F252}.Debug|x86.Build.0 = Debug|Any CPU
		{92CBFC34-C2C8-4DA5-B1A1-0701AE69F252}.Release (dMSIL)|Any CPU.ActiveCfg = Release (dMSIL)|Any CPU
		{92CBFC34-C2C8-4DA5-B1A1-0701AE69F252}.Release (dMSIL)|Any CPU.Build.0 = Release (dMSIL)|Any CPU
		{92CBFC34-C2C8-4DA5-B1A1-0701AE69F252}.Release (dMSIL)|Mixed Platforms.ActiveCfg = Release (dMSIL)|Any CPU
		{92CBFC34-C2C8-4DA5-B1A1-0701AE69F252}.Release (dMSIL)|Mixed Platforms.Build.0 = Release (dMSIL)|Any CPU
		{92CBFC34-C2C8-4DA5-B1A1-0701AE69F252}.Release (dMSIL)|Win32.ActiveCfg = Release (dMSIL)|Any CPU
		{92CBFC34-C2C8-4DA5-B1A1-0701AE69F252}.Release (dMSIL)|Win32.Build.0 = Release (dMSIL)|Any CPU
		{92CBFC34-C2C8-4DA5-B1A1-0701AE69F252}.Release (dMSIL)|x64.ActiveCfg = Release (dMSIL)|Any CPU
		{92CBFC34-C2C8-4DA5-B1A1-0701AE69F252}.Release (dMSIL)|x64.Build.0 = Release (dMSIL)|Any CPU
		{92CBFC34-C2C8-4DA5-B1A1-0701AE69F252}.Release (dMSIL)|x86.ActiveCfg = Release (dMSIL)|Any CPU
		{92CBFC34-C2C8-4DA5-B1A1-0701AE69F252}.Release (dMSIL)|x86.Build.0 = Release (dMSIL)|Any CPU
		{92CBFC34-C2C8-4DA5-B1A1-0701AE69F252}.Release|Any CPU.ActiveCfg = Release|Any CPU
		{92CBFC34-C2C8-4DA5-B1A1-0701AE69F252}.Release|Any CPU.Build.0 = Release|Any CPU
		{92CBFC34-C2C8-4DA5-B1A1-0701AE69F252}.Release|Mixed Platforms.ActiveCfg = Release|Any CPU
		{92CBFC34-C2C8-4DA5-B1A1-0701AE69F252}.Release|Mixed Platforms.Build.0 = Release|Any CPU
		{92CBFC34-C2C8-4DA5-B1A1-0701AE69F252}.Release|Win32.ActiveCfg = Release|Any CPU
		{92CBFC34-C2C8-4DA5-B1A1-0701AE69F252}.Release|Win32.Build.0 = Release|Any CPU
		{92CBFC34-C2C8-4DA5-B1A1-0701AE69F252}.Release|x64.ActiveCfg = Release|Any CPU
		{92CBFC34-C2C8-4DA5-B1A1-0701AE69F252}.Release|x64.Build.0 = Release|Any CPU
		{92CBFC34-C2C8-4DA5-B1A1-0701AE69F252}.Release|x86.ActiveCfg = Release|Any CPU
		{92CBFC34-C2C8-4DA5-B1A1-0701AE69F252}.Release|x86.Build.0 = Release|Any CPU
	EndGlobalSection
	GlobalSection(SolutionProperties) = preSolution
		HideSolutionNode = FALSE
	EndGlobalSection
EndGlobal
